
Microsoft Visual Studio Solution File, Format Version 12.00
# Visual Studio Version 16
VisualStudioVersion = 16.0.30717.126
MinimumVisualStudioVersion = 10.0.40219.1
Project("{FAE04EC0-301F-11D3-BF4B-00C04F79EFBC}") = "OOPs", "OOPs\OOPs.csproj", "{36356A88-C04C-4C23-92D1-1B88FC5D85A8}"
EndProject
Global
	GlobalSection(SolutionConfigurationPlatforms) = preSolution
		Debug|Any CPU = Debug|Any CPU
		Release|Any CPU = Release|Any CPU
	EndGlobalSection
	GlobalSection(ProjectConfigurationPlatforms) = postSolution
		{36356A88-C04C-4C23-92D1-1B88FC5D85A8}.Debug|Any CPU.ActiveCfg = Debug|Any CPU
		{36356A88-C04C-4C23-92D1-1B88FC5D85A8}.Debug|Any CPU.Build.0 = Debug|Any CPU
		{36356A88-C04C-4C23-92D1-1B88FC5D85A8}.Release|Any CPU.ActiveCfg = Release|Any CPU
		{36356A88-C04C-4C23-92D1-1B88FC5D85A8}.Release|Any CPU.Build.0 = Release|Any CPU
	EndGlobalSection
	GlobalSection(SolutionProperties) = preSolution
		HideSolutionNode = FALSE
	EndGlobalSection
	GlobalSection(ExtensibilityGlobals) = postSolution
		SolutionGuid = {1137D1E9-B789-4ABE-B0AF-6AA7054F021C}
	EndGlobalSection
EndGlobal
